# This file is automatically generated.
# It is not intended for manual editing.
version = 1

[[packages]]
name = "componentized:http"
registry = "componentized.dev"

[[packages.versions]]
requirement = "=0.1.0-dev"
version = "0.1.0-dev"
digest = "sha256:1c43656521dfd238a67af2288f7abcf67e2ebd950352a90c396dcf11b25c4440"

[[packages]]
name = "wasi:filesystem"
registry = "wasi.dev"

[[packages.versions]]
requirement = "=0.3.0"
version = "0.3.0"
digest = "sha256:42921410cddcdce2e009fd65c9a763bfb3fb61e2c0a64ff71647cc4405470378"
